
Microsoft Visual Studio Solution File, Format Version 12.00
# Visual Studio 15
VisualStudioVersion = 15.0.28307.489
MinimumVisualStudioVersion = 10.0.40219.1
Project("{FAE04EC0-301F-11D3-BF4B-00C04F79EFBC}") = "word-game", "word-game\word-game.csproj", "{9704446D-46D9-4392-A56E-27A14FCBFBB4}"
EndProject
Project("{FAE04EC0-301F-11D3-BF4B-00C04F79EFBC}") = "XUnitTestProject1", "XUnitTestProject1\XUnitTestProject1.csproj", "{31AA7EB1-26A4-4215-B624-B64420F8DAA9}"
EndProject
Global
	GlobalSection(SolutionConfigurationPlatforms) = preSolution
		Debug|Any CPU = Debug|Any CPU
		Release|Any CPU = Release|Any CPU
	EndGlobalSection
	GlobalSection(ProjectConfigurationPlatforms) = postSolution
		{9704446D-46D9-4392-A56E-27A14FCBFBB4}.Debug|Any CPU.ActiveCfg = Debug|Any CPU
		{9704446D-46D9-4392-A56E-27A14FCBFBB4}.Debug|Any CPU.Build.0 = Debug|Any CPU
		{9704446D-46D9-4392-A56E-27A14FCBFBB4}.Release|Any CPU.ActiveCfg = Release|Any CPU
		{9704446D-46D9-4392-A56E-27A14FCBFBB4}.Release|Any CPU.Build.0 = Release|Any CPU
		{31AA7EB1-26A4-4215-B624-B64420F8DAA9}.Debug|Any CPU.ActiveCfg = Debug|Any CPU
		{31AA7EB1-26A4-4215-B624-B64420F8DAA9}.Debug|Any CPU.Build.0 = Debug|Any CPU
		{31AA7EB1-26A4-4215-B624-B64420F8DAA9}.Release|Any CPU.ActiveCfg = Release|Any CPU
		{31AA7EB1-26A4-4215-B624-B64420F8DAA9}.Release|Any CPU.Build.0 = Release|Any CPU
	EndGlobalSection
	GlobalSection(SolutionProperties) = preSolution
		HideSolutionNode = FALSE
	EndGlobalSection
	GlobalSection(ExtensibilityGlobals) = postSolution
		SolutionGuid = {08FEEBD9-F815-430B-A819-97A1880DAC6D}
	EndGlobalSection
EndGlobal
